// !$*UTF8*$!
{
	archiveVersion = 1;
	classes = {
	};
	objectVersion = 46;
	objects = {

/* Begin PBXBuildFile section */
		4C88E18C1D8A1BC400FCCFA3 /* roguelike-16x16.tmx in Resources */ = {isa = PBXBuildFile; fileRef = 4C88E18B1D8A1BC400FCCFA3 /* roguelike-16x16.tmx */; };
		4C88E1AB1D8A241F00FCCFA3 /* ortho4-16x16.tmx in Resources */ = {isa = PBXBuildFile; fileRef = 4C88E1AA1D8A241F00FCCFA3 /* ortho4-16x16.tmx */; };
		4C88E1AD1D8A242F00FCCFA3 /* ortho4-16x16.png in Resources */ = {isa = PBXBuildFile; fileRef = 4C88E1AC1D8A242F00FCCFA3 /* ortho4-16x16.png */; };
		4C88E1DE1D8A4EBE00FCCFA3 /* SKTile.swift in Sources */ = {isa = PBXBuildFile; fileRef = 4C88E1D01D8A4EBE00FCCFA3 /* SKTile.swift */; };
		4C88E1E01D8A4EBE00FCCFA3 /* SKTiledSceneCamera.swift in Sources */ = {isa = PBXBuildFile; fileRef = 4C88E1D21D8A4EBE00FCCFA3 /* SKTiledSceneCamera.swift */; };
		4C88E1E21D8A4EBE00FCCFA3 /* SKTileLayer.swift in Sources */ = {isa = PBXBuildFile; fileRef = 4C88E1D41D8A4EBE00FCCFA3 /* SKTileLayer.swift */; };
		4C88E1E31D8A4EBE00FCCFA3 /* SKTilemap.swift in Sources */ = {isa = PBXBuildFile; fileRef = 4C88E1D51D8A4EBE00FCCFA3 /* SKTilemap.swift */; };
		4C88E1E41D8A4EBE00FCCFA3 /* SKTilemap+Debug.swift in Sources */ = {isa = PBXBuildFile; fileRef = 4C88E1D61D8A4EBE00FCCFA3 /* SKTilemap+Debug.swift */; };
		4C88E1E51D8A4EBE00FCCFA3 /* SKTiled+Extensions.swift in Sources */ = {isa = PBXBuildFile; fileRef = 4C88E1D71D8A4EBE00FCCFA3 /* SKTiled+Extensions.swift */; };
		4C88E1E61D8A4EBE00FCCFA3 /* SKTilemapParser.swift in Sources */ = {isa = PBXBuildFile; fileRef = 4C88E1D81D8A4EBE00FCCFA3 /* SKTilemapParser.swift */; };
		4C88E1E71D8A4EBE00FCCFA3 /* SKTileObject.swift in Sources */ = {isa = PBXBuildFile; fileRef = 4C88E1D91D8A4EBE00FCCFA3 /* SKTileObject.swift */; };
		4C88E1E81D8A4EBE00FCCFA3 /* SKTileset.swift in Sources */ = {isa = PBXBuildFile; fileRef = 4C88E1DA1D8A4EBE00FCCFA3 /* SKTileset.swift */; };
		4C88E1EA1D8A4EBE00FCCFA3 /* SKTilesetData.swift in Sources */ = {isa = PBXBuildFile; fileRef = 4C88E1DC1D8A4EBE00FCCFA3 /* SKTilesetData.swift */; };
		4CA3DA0E1D8AF07C001E165A /* DemoFiles.plist in Resources */ = {isa = PBXBuildFile; fileRef = 4CA3DA0D1D8AF07C001E165A /* DemoFiles.plist */; };
		4CBA61831D8A0A4600B31FC1 /* roguelike-16x16-anim.png in Resources */ = {isa = PBXBuildFile; fileRef = 4CBA61801D8A0A4600B31FC1 /* roguelike-16x16-anim.png */; };
		4CBA618E1D8A0A5700B31FC1 /* AppDelegate.swift in Sources */ = {isa = PBXBuildFile; fileRef = 4CBA61861D8A0A5700B31FC1 /* AppDelegate.swift */; };
		4CBA618F1D8A0A5700B31FC1 /* LaunchScreen.storyboard in Resources */ = {isa = PBXBuildFile; fileRef = 4CBA61871D8A0A5700B31FC1 /* LaunchScreen.storyboard */; };
		4CBA61901D8A0A5700B31FC1 /* Main.storyboard in Resources */ = {isa = PBXBuildFile; fileRef = 4CBA61891D8A0A5700B31FC1 /* Main.storyboard */; };
		4CBA61911D8A0A5700B31FC1 /* GameViewController.swift in Sources */ = {isa = PBXBuildFile; fileRef = 4CBA618B1D8A0A5700B31FC1 /* GameViewController.swift */; };
		4CBA61A11D8A0ACF00B31FC1 /* Assets.xcassets in Resources */ = {isa = PBXBuildFile; fileRef = 4CBA619F1D8A0ACF00B31FC1 /* Assets.xcassets */; };
		4CBA61A21D8A0ACF00B31FC1 /* SKTiledDemoScene.swift in Sources */ = {isa = PBXBuildFile; fileRef = 4CBA61A01D8A0ACF00B31FC1 /* SKTiledDemoScene.swift */; };
		4CBB6A9F1D8CBA8A00DB56F1 /* SKTilemap+Properties.swift in Sources */ = {isa = PBXBuildFile; fileRef = 4CBB6A9E1D8CBA8A00DB56F1 /* SKTilemap+Properties.swift */; };
		4CBB6AA11D8CBB5B00DB56F1 /* SKTiledScene.swift in Sources */ = {isa = PBXBuildFile; fileRef = 4CBB6AA01D8CBB5B00DB56F1 /* SKTiledScene.swift */; };
		4CBB6AA31D8CC2C100DB56F1 /* SKTiledObject.swift in Sources */ = {isa = PBXBuildFile; fileRef = 4CBB6AA21D8CC2C100DB56F1 /* SKTiledObject.swift */; };
		4CD6D2D51D8B9DE20083DA7B /* roguelike-16x16-anim.tsx in Resources */ = {isa = PBXBuildFile; fileRef = 4CD6D2D41D8B9DE20083DA7B /* roguelike-16x16-anim.tsx */; };
		4CD6D2DB1D8B9EA10083DA7B /* isometric-16x8.png in Resources */ = {isa = PBXBuildFile; fileRef = 4CD6D2D71D8B9EA10083DA7B /* isometric-16x8.png */; };
		4CD6D2DC1D8B9EA10083DA7B /* isometric-16x8.tmx in Resources */ = {isa = PBXBuildFile; fileRef = 4CD6D2D81D8B9EA10083DA7B /* isometric-16x8.tmx */; };
		4CD6D2DD1D8B9EA10083DA7B /* isometric-130x66.tmx in Resources */ = {isa = PBXBuildFile; fileRef = 4CD6D2D91D8B9EA10083DA7B /* isometric-130x66.tmx */; };
		4CD6D2DE1D8B9EA10083DA7B /* isometric-130x230.png in Resources */ = {isa = PBXBuildFile; fileRef = 4CD6D2DA1D8B9EA10083DA7B /* isometric-130x230.png */; };
		4CD6D2E01D8C82850083DA7B /* ButtonNode.swift in Sources */ = {isa = PBXBuildFile; fileRef = 4CD6D2DF1D8C82850083DA7B /* ButtonNode.swift */; };
		4CFEA3581D8D02D20055C150 /* staggered-64x33.tmx in Resources */ = {isa = PBXBuildFile; fileRef = 4CFEA3561D8D02D20055C150 /* staggered-64x33.tmx */; };
		4CFEA3591D8D02D20055C150 /* staggered-64x192.png in Resources */ = {isa = PBXBuildFile; fileRef = 4CFEA3571D8D02D20055C150 /* staggered-64x192.png */; };
		4CFEA35C1D8D04320055C150 /* hex-65x65-65x230.png in Resources */ = {isa = PBXBuildFile; fileRef = 4CFEA35A1D8D04320055C150 /* hex-65x65-65x230.png */; };
		4CFEA35D1D8D04320055C150 /* hex1-65x65.tmx in Resources */ = {isa = PBXBuildFile; fileRef = 4CFEA35B1D8D04320055C150 /* hex1-65x65.tmx */; };
/* End PBXBuildFile section */

/* Begin PBXFileReference section */
		4C88E18B1D8A1BC400FCCFA3 /* roguelike-16x16.tmx */ = {isa = PBXFileReference; fileEncoding = 4; lastKnownFileType = text.xml; path = "roguelike-16x16.tmx"; sourceTree = "<group>"; };
		4C88E1AA1D8A241F00FCCFA3 /* ortho4-16x16.tmx */ = {isa = PBXFileReference; fileEncoding = 4; lastKnownFileType = text.xml; path = "ortho4-16x16.tmx"; sourceTree = "<group>"; };
		4C88E1AC1D8A242F00FCCFA3 /* ortho4-16x16.png */ = {isa = PBXFileReference; lastKnownFileType = image.png; path = "ortho4-16x16.png"; sourceTree = "<group>"; };
		4C88E1D01D8A4EBE00FCCFA3 /* SKTile.swift */ = {isa = PBXFileReference; fileEncoding = 4; lastKnownFileType = sourcecode.swift; path = SKTile.swift; sourceTree = "<group>"; };
		4C88E1D21D8A4EBE00FCCFA3 /* SKTiledSceneCamera.swift */ = {isa = PBXFileReference; fileEncoding = 4; lastKnownFileType = sourcecode.swift; path = SKTiledSceneCamera.swift; sourceTree = "<group>"; };
		4C88E1D41D8A4EBE00FCCFA3 /* SKTileLayer.swift */ = {isa = PBXFileReference; fileEncoding = 4; lastKnownFileType = sourcecode.swift; path = SKTileLayer.swift; sourceTree = "<group>"; };
		4C88E1D51D8A4EBE00FCCFA3 /* SKTilemap.swift */ = {isa = PBXFileReference; fileEncoding = 4; lastKnownFileType = sourcecode.swift; path = SKTilemap.swift; sourceTree = "<group>"; };
		4C88E1D61D8A4EBE00FCCFA3 /* SKTilemap+Debug.swift */ = {isa = PBXFileReference; fileEncoding = 4; lastKnownFileType = sourcecode.swift; path = "SKTilemap+Debug.swift"; sourceTree = "<group>"; };
		4C88E1D71D8A4EBE00FCCFA3 /* SKTiled+Extensions.swift */ = {isa = PBXFileReference; fileEncoding = 4; lastKnownFileType = sourcecode.swift; path = "SKTiled+Extensions.swift"; sourceTree = "<group>"; };
		4C88E1D81D8A4EBE00FCCFA3 /* SKTilemapParser.swift */ = {isa = PBXFileReference; fileEncoding = 4; lastKnownFileType = sourcecode.swift; path = SKTilemapParser.swift; sourceTree = "<group>"; };
		4C88E1D91D8A4EBE00FCCFA3 /* SKTileObject.swift */ = {isa = PBXFileReference; fileEncoding = 4; lastKnownFileType = sourcecode.swift; path = SKTileObject.swift; sourceTree = "<group>"; };
		4C88E1DA1D8A4EBE00FCCFA3 /* SKTileset.swift */ = {isa = PBXFileReference; fileEncoding = 4; lastKnownFileType = sourcecode.swift; path = SKTileset.swift; sourceTree = "<group>"; };
		4C88E1DC1D8A4EBE00FCCFA3 /* SKTilesetData.swift */ = {isa = PBXFileReference; fileEncoding = 4; lastKnownFileType = sourcecode.swift; path = SKTilesetData.swift; sourceTree = "<group>"; };
		4CA3DA0D1D8AF07C001E165A /* DemoFiles.plist */ = {isa = PBXFileReference; fileEncoding = 4; lastKnownFileType = text.plist.xml; path = DemoFiles.plist; sourceTree = "<group>"; };
		4CBA61651D8A048200B31FC1 /* SKTiled.app */ = {isa = PBXFileReference; explicitFileType = wrapper.application; includeInIndex = 0; path = SKTiled.app; sourceTree = BUILT_PRODUCTS_DIR; };
		4CBA617E1D8A0A3900B31FC1 /* README.md */ = {isa = PBXFileReference; lastKnownFileType = net.daringfireball.markdown; path = README.md; sourceTree = "<group>"; };
		4CBA61801D8A0A4600B31FC1 /* roguelike-16x16-anim.png */ = {isa = PBXFileReference; lastKnownFileType = image.png; path = "roguelike-16x16-anim.png"; sourceTree = "<group>"; };
		4CBA61861D8A0A5700B31FC1 /* AppDelegate.swift */ = {isa = PBXFileReference; fileEncoding = 4; lastKnownFileType = sourcecode.swift; path = AppDelegate.swift; sourceTree = "<group>"; };
		4CBA61881D8A0A5700B31FC1 /* Base */ = {isa = PBXFileReference; lastKnownFileType = file.storyboard; name = Base; path = Base.lproj/LaunchScreen.storyboard; sourceTree = "<group>"; };
		4CBA618A1D8A0A5700B31FC1 /* Base */ = {isa = PBXFileReference; lastKnownFileType = file.storyboard; name = Base; path = Base.lproj/Main.storyboard; sourceTree = "<group>"; };
		4CBA618B1D8A0A5700B31FC1 /* GameViewController.swift */ = {isa = PBXFileReference; fileEncoding = 4; lastKnownFileType = sourcecode.swift; path = GameViewController.swift; sourceTree = "<group>"; };
		4CBA618C1D8A0A5700B31FC1 /* Info.plist */ = {isa = PBXFileReference; fileEncoding = 4; lastKnownFileType = text.plist.xml; path = Info.plist; sourceTree = "<group>"; };
		4CBA619F1D8A0ACF00B31FC1 /* Assets.xcassets */ = {isa = PBXFileReference; lastKnownFileType = folder.assetcatalog; path = Assets.xcassets; sourceTree = "<group>"; };
		4CBA61A01D8A0ACF00B31FC1 /* SKTiledDemoScene.swift */ = {isa = PBXFileReference; fileEncoding = 4; lastKnownFileType = sourcecode.swift; path = SKTiledDemoScene.swift; sourceTree = "<group>"; };
		4CBB6A9E1D8CBA8A00DB56F1 /* SKTilemap+Properties.swift */ = {isa = PBXFileReference; fileEncoding = 4; lastKnownFileType = sourcecode.swift; path = "SKTilemap+Properties.swift"; sourceTree = "<group>"; };
		4CBB6AA01D8CBB5B00DB56F1 /* SKTiledScene.swift */ = {isa = PBXFileReference; fileEncoding = 4; lastKnownFileType = sourcecode.swift; path = SKTiledScene.swift; sourceTree = "<group>"; };
		4CBB6AA21D8CC2C100DB56F1 /* SKTiledObject.swift */ = {isa = PBXFileReference; fileEncoding = 4; lastKnownFileType = sourcecode.swift; path = SKTiledObject.swift; sourceTree = "<group>"; };
		4CD6D2D41D8B9DE20083DA7B /* roguelike-16x16-anim.tsx */ = {isa = PBXFileReference; fileEncoding = 4; lastKnownFileType = text.xml; path = "roguelike-16x16-anim.tsx"; sourceTree = "<group>"; };
		4CD6D2D71D8B9EA10083DA7B /* isometric-16x8.png */ = {isa = PBXFileReference; lastKnownFileType = image.png; path = "isometric-16x8.png"; sourceTree = "<group>"; };
		4CD6D2D81D8B9EA10083DA7B /* isometric-16x8.tmx */ = {isa = PBXFileReference; fileEncoding = 4; lastKnownFileType = text.xml; path = "isometric-16x8.tmx"; sourceTree = "<group>"; };
		4CD6D2D91D8B9EA10083DA7B /* isometric-130x66.tmx */ = {isa = PBXFileReference; fileEncoding = 4; lastKnownFileType = text.xml; path = "isometric-130x66.tmx"; sourceTree = "<group>"; };
		4CD6D2DA1D8B9EA10083DA7B /* isometric-130x230.png */ = {isa = PBXFileReference; lastKnownFileType = image.png; path = "isometric-130x230.png"; sourceTree = "<group>"; };
		4CD6D2DF1D8C82850083DA7B /* ButtonNode.swift */ = {isa = PBXFileReference; fileEncoding = 4; lastKnownFileType = sourcecode.swift; path = ButtonNode.swift; sourceTree = "<group>"; };
		4CFEA3561D8D02D20055C150 /* staggered-64x33.tmx */ = {isa = PBXFileReference; fileEncoding = 4; lastKnownFileType = text.xml; path = "staggered-64x33.tmx"; sourceTree = "<group>"; };
		4CFEA3571D8D02D20055C150 /* staggered-64x192.png */ = {isa = PBXFileReference; lastKnownFileType = image.png; path = "staggered-64x192.png"; sourceTree = "<group>"; };
		4CFEA35A1D8D04320055C150 /* hex-65x65-65x230.png */ = {isa = PBXFileReference; lastKnownFileType = image.png; path = "hex-65x65-65x230.png"; sourceTree = "<group>"; };
		4CFEA35B1D8D04320055C150 /* hex1-65x65.tmx */ = {isa = PBXFileReference; fileEncoding = 4; lastKnownFileType = text.xml; path = "hex1-65x65.tmx"; sourceTree = "<group>"; };
/* End PBXFileReference section */

/* Begin PBXFrameworksBuildPhase section */
		4CBA61621D8A048200B31FC1 /* Frameworks */ = {
			isa = PBXFrameworksBuildPhase;
			buildActionMask = 2147483647;
			files = (
			);
			runOnlyForDeploymentPostprocessing = 0;
		};
/* End PBXFrameworksBuildPhase section */

/* Begin PBXGroup section */
		4C88E1A71D8A1E8F00FCCFA3 /* Extensions */ = {
			isa = PBXGroup;
			children = (
				4C88E1D71D8A4EBE00FCCFA3 /* SKTiled+Extensions.swift */,
				4C88E1D61D8A4EBE00FCCFA3 /* SKTilemap+Debug.swift */,
				4CBB6A9E1D8CBA8A00DB56F1 /* SKTilemap+Properties.swift */,
			);
			name = Extensions;
			sourceTree = "<group>";
		};
		4CBA615C1D8A048200B31FC1 = {
			isa = PBXGroup;
			children = (
				4CBA617E1D8A0A3900B31FC1 /* README.md */,
				4CBA61931D8A0A6C00B31FC1 /* SKTiled */,
				4CBA617F1D8A0A4600B31FC1 /* Resources */,
				4CBA619E1D8A0ACF00B31FC1 /* Shared */,
				4CBA61851D8A0A5700B31FC1 /* iOS */,
				4CBA618D1D8A0A5700B31FC1 /* OSX */,
				4CBA61661D8A048200B31FC1 /* Products */,
			);
			sourceTree = "<group>";
		};
		4CBA61661D8A048200B31FC1 /* Products */ = {
			isa = PBXGroup;
			children = (
				4CBA61651D8A048200B31FC1 /* SKTiled.app */,
			);
			name = Products;
			sourceTree = "<group>";
		};
		4CBA617F1D8A0A4600B31FC1 /* Resources */ = {
			isa = PBXGroup;
			children = (
				4CA3DA0D1D8AF07C001E165A /* DemoFiles.plist */,
				4CFEA35B1D8D04320055C150 /* hex1-65x65.tmx */,
				4CD6D2D81D8B9EA10083DA7B /* isometric-16x8.tmx */,
				4CD6D2D91D8B9EA10083DA7B /* isometric-130x66.tmx */,
				4C88E1AA1D8A241F00FCCFA3 /* ortho4-16x16.tmx */,
				4C88E18B1D8A1BC400FCCFA3 /* roguelike-16x16.tmx */,
				4CFEA3561D8D02D20055C150 /* staggered-64x33.tmx */,
				4CDF67CC1D8AE84300589457 /* png */,
				4CD6D2D61D8B9DE50083DA7B /* tsx */,
			);
			name = Resources;
			path = Swift/Resources;
			sourceTree = "<group>";
		};
		4CBA61851D8A0A5700B31FC1 /* iOS */ = {
			isa = PBXGroup;
			children = (
				4CBA61861D8A0A5700B31FC1 /* AppDelegate.swift */,
				4CBA61871D8A0A5700B31FC1 /* LaunchScreen.storyboard */,
				4CBA61891D8A0A5700B31FC1 /* Main.storyboard */,
				4CBA618B1D8A0A5700B31FC1 /* GameViewController.swift */,
				4CBA618C1D8A0A5700B31FC1 /* Info.plist */,
			);
			name = iOS;
			path = Swift/iOS;
			sourceTree = "<group>";
		};
		4CBA618D1D8A0A5700B31FC1 /* OSX */ = {
			isa = PBXGroup;
			children = (
			);
			name = OSX;
			path = Swift/OSX;
			sourceTree = "<group>";
		};
		4CBA61931D8A0A6C00B31FC1 /* SKTiled */ = {
			isa = PBXGroup;
			children = (
				4C88E1A71D8A1E8F00FCCFA3 /* Extensions */,
				4C88E1D01D8A4EBE00FCCFA3 /* SKTile.swift */,
				4C88E1D21D8A4EBE00FCCFA3 /* SKTiledSceneCamera.swift */,
				4CBB6AA01D8CBB5B00DB56F1 /* SKTiledScene.swift */,
				4C88E1D41D8A4EBE00FCCFA3 /* SKTileLayer.swift */,
				4C88E1D51D8A4EBE00FCCFA3 /* SKTilemap.swift */,
				4C88E1D81D8A4EBE00FCCFA3 /* SKTilemapParser.swift */,
				4C88E1D91D8A4EBE00FCCFA3 /* SKTileObject.swift */,
				4C88E1DA1D8A4EBE00FCCFA3 /* SKTileset.swift */,
				4C88E1DC1D8A4EBE00FCCFA3 /* SKTilesetData.swift */,
				4CBB6AA21D8CC2C100DB56F1 /* SKTiledObject.swift */,
			);
			name = SKTiled;
			path = Swift/SKTiled;
			sourceTree = "<group>";
		};
		4CBA619E1D8A0ACF00B31FC1 /* Shared */ = {
			isa = PBXGroup;
			children = (
				4CBA619F1D8A0ACF00B31FC1 /* Assets.xcassets */,
				4CBA61A01D8A0ACF00B31FC1 /* SKTiledDemoScene.swift */,
				4CD6D2DF1D8C82850083DA7B /* ButtonNode.swift */,
			);
			name = Shared;
			path = Swift/Shared;
			sourceTree = "<group>";
		};
		4CD6D2D61D8B9DE50083DA7B /* tsx */ = {
			isa = PBXGroup;
			children = (
				4CD6D2D41D8B9DE20083DA7B /* roguelike-16x16-anim.tsx */,
			);
			name = tsx;
			sourceTree = "<group>";
		};
		4CDF67CC1D8AE84300589457 /* png */ = {
			isa = PBXGroup;
			children = (
				4CFEA35A1D8D04320055C150 /* hex-65x65-65x230.png */,
				4CD6D2D71D8B9EA10083DA7B /* isometric-16x8.png */,
				4CD6D2DA1D8B9EA10083DA7B /* isometric-130x230.png */,
				4C88E1AC1D8A242F00FCCFA3 /* ortho4-16x16.png */,
				4CBA61801D8A0A4600B31FC1 /* roguelike-16x16-anim.png */,
				4CFEA3571D8D02D20055C150 /* staggered-64x192.png */,
			);
			name = png;
			sourceTree = "<group>";
		};
/* End PBXGroup section */

/* Begin PBXNativeTarget section */
		4CBA61641D8A048200B31FC1 /* SKTiled */ = {
			isa = PBXNativeTarget;
			buildConfigurationList = 4CBA617B1D8A048300B31FC1 /* Build configuration list for PBXNativeTarget "SKTiled" */;
			buildPhases = (
				4CBA61611D8A048200B31FC1 /* Sources */,
				4CBA61621D8A048200B31FC1 /* Frameworks */,
				4CBA61631D8A048200B31FC1 /* Resources */,
			);
			buildRules = (
			);
			dependencies = (
			);
			name = SKTiled;
			productName = SKTiled;
			productReference = 4CBA61651D8A048200B31FC1 /* SKTiled.app */;
			productType = "com.apple.product-type.application";
		};
/* End PBXNativeTarget section */

/* Begin PBXProject section */
		4CBA615D1D8A048200B31FC1 /* Project object */ = {
			isa = PBXProject;
			attributes = {
				LastSwiftUpdateCheck = 0730;
				LastUpgradeCheck = 0730;
				ORGANIZATIONNAME = "Michael Fessenden";
				TargetAttributes = {
					4CBA61641D8A048200B31FC1 = {
						CreatedOnToolsVersion = 7.3;
					};
				};
			};
			buildConfigurationList = 4CBA61601D8A048200B31FC1 /* Build configuration list for PBXProject "SKTiled" */;
			compatibilityVersion = "Xcode 3.2";
			developmentRegion = English;
			hasScannedForEncodings = 0;
			knownRegions = (
				en,
				Base,
			);
			mainGroup = 4CBA615C1D8A048200B31FC1;
			productRefGroup = 4CBA61661D8A048200B31FC1 /* Products */;
			projectDirPath = "";
			projectRoot = "";
			targets = (
				4CBA61641D8A048200B31FC1 /* SKTiled */,
			);
		};
/* End PBXProject section */

/* Begin PBXResourcesBuildPhase section */
		4CBA61631D8A048200B31FC1 /* Resources */ = {
			isa = PBXResourcesBuildPhase;
			buildActionMask = 2147483647;
			files = (
				4CD6D2DB1D8B9EA10083DA7B /* isometric-16x8.png in Resources */,
				4CFEA35D1D8D04320055C150 /* hex1-65x65.tmx in Resources */,
				4CBA61831D8A0A4600B31FC1 /* roguelike-16x16-anim.png in Resources */,
				4CD6D2DC1D8B9EA10083DA7B /* isometric-16x8.tmx in Resources */,
				4C88E1AB1D8A241F00FCCFA3 /* ortho4-16x16.tmx in Resources */,
				4C88E18C1D8A1BC400FCCFA3 /* roguelike-16x16.tmx in Resources */,
				4CBA61901D8A0A5700B31FC1 /* Main.storyboard in Resources */,
				4CBA618F1D8A0A5700B31FC1 /* LaunchScreen.storyboard in Resources */,
				4C88E1AD1D8A242F00FCCFA3 /* ortho4-16x16.png in Resources */,
				4CFEA3591D8D02D20055C150 /* staggered-64x192.png in Resources */,
				4CA3DA0E1D8AF07C001E165A /* DemoFiles.plist in Resources */,
				4CBA61A11D8A0ACF00B31FC1 /* Assets.xcassets in Resources */,
				4CD6D2DE1D8B9EA10083DA7B /* isometric-130x230.png in Resources */,
				4CFEA35C1D8D04320055C150 /* hex-65x65-65x230.png in Resources */,
				4CFEA3581D8D02D20055C150 /* staggered-64x33.tmx in Resources */,
				4CD6D2D51D8B9DE20083DA7B /* roguelike-16x16-anim.tsx in Resources */,
				4CD6D2DD1D8B9EA10083DA7B /* isometric-130x66.tmx in Resources */,
			);
			runOnlyForDeploymentPostprocessing = 0;
		};
/* End PBXResourcesBuildPhase section */

/* Begin PBXSourcesBuildPhase section */
		4CBA61611D8A048200B31FC1 /* Sources */ = {
			isa = PBXSourcesBuildPhase;
			buildActionMask = 2147483647;
			files = (
				4CBB6AA11D8CBB5B00DB56F1 /* SKTiledScene.swift in Sources */,
				4C88E1EA1D8A4EBE00FCCFA3 /* SKTilesetData.swift in Sources */,
				4C88E1E71D8A4EBE00FCCFA3 /* SKTileObject.swift in Sources */,
				4C88E1E41D8A4EBE00FCCFA3 /* SKTilemap+Debug.swift in Sources */,
				4C88E1E81D8A4EBE00FCCFA3 /* SKTileset.swift in Sources */,
				4C88E1E31D8A4EBE00FCCFA3 /* SKTilemap.swift in Sources */,
				4CBB6AA31D8CC2C100DB56F1 /* SKTiledObject.swift in Sources */,
				4C88E1E01D8A4EBE00FCCFA3 /* SKTiledSceneCamera.swift in Sources */,
				4C88E1E61D8A4EBE00FCCFA3 /* SKTilemapParser.swift in Sources */,
				4CBB6A9F1D8CBA8A00DB56F1 /* SKTilemap+Properties.swift in Sources */,
				4CBA61A21D8A0ACF00B31FC1 /* SKTiledDemoScene.swift in Sources */,
				4CBA61911D8A0A5700B31FC1 /* GameViewController.swift in Sources */,
				4CBA618E1D8A0A5700B31FC1 /* AppDelegate.swift in Sources */,
				4C88E1E51D8A4EBE00FCCFA3 /* SKTiled+Extensions.swift in Sources */,
				4C88E1E21D8A4EBE00FCCFA3 /* SKTileLayer.swift in Sources */,
				4C88E1DE1D8A4EBE00FCCFA3 /* SKTile.swift in Sources */,
				4CD6D2E01D8C82850083DA7B /* ButtonNode.swift in Sources */,
			);
			runOnlyForDeploymentPostprocessing = 0;
		};
/* End PBXSourcesBuildPhase section */

/* Begin PBXVariantGroup section */
		4CBA61871D8A0A5700B31FC1 /* LaunchScreen.storyboard */ = {
			isa = PBXVariantGroup;
			children = (
				4CBA61881D8A0A5700B31FC1 /* Base */,
			);
			name = LaunchScreen.storyboard;
			sourceTree = "<group>";
		};
		4CBA61891D8A0A5700B31FC1 /* Main.storyboard */ = {
			isa = PBXVariantGroup;
			children = (
				4CBA618A1D8A0A5700B31FC1 /* Base */,
			);
			name = Main.storyboard;
			sourceTree = "<group>";
		};
/* End PBXVariantGroup section */

/* Begin XCBuildConfiguration section */
		4CBA61791D8A048300B31FC1 /* Debug */ = {
			isa = XCBuildConfiguration;
			buildSettings = {
				ALWAYS_SEARCH_USER_PATHS = NO;
				CLANG_ANALYZER_NONNULL = YES;
				CLANG_CXX_LANGUAGE_STANDARD = "gnu++0x";
				CLANG_CXX_LIBRARY = "libc++";
				CLANG_ENABLE_MODULES = YES;
				CLANG_ENABLE_OBJC_ARC = YES;
				CLANG_WARN_BOOL_CONVERSION = YES;
				CLANG_WARN_CONSTANT_CONVERSION = YES;
				CLANG_WARN_DIRECT_OBJC_ISA_USAGE = YES_ERROR;
				CLANG_WARN_EMPTY_BODY = YES;
				CLANG_WARN_ENUM_CONVERSION = YES;
				CLANG_WARN_INT_CONVERSION = YES;
				CLANG_WARN_OBJC_ROOT_CLASS = YES_ERROR;
				CLANG_WARN_UNREACHABLE_CODE = YES;
				CLANG_WARN__DUPLICATE_METHOD_MATCH = YES;
				"CODE_SIGN_IDENTITY[sdk=iphoneos*]" = "iPhone Developer";
				COPY_PHASE_STRIP = NO;
				DEBUG_INFORMATION_FORMAT = "dwarf-with-dsym";
				ENABLE_STRICT_OBJC_MSGSEND = YES;
				ENABLE_TESTABILITY = YES;
				GCC_C_LANGUAGE_STANDARD = gnu99;
				GCC_DYNAMIC_NO_PIC = NO;
				GCC_NO_COMMON_BLOCKS = YES;
				GCC_OPTIMIZATION_LEVEL = 0;
				GCC_PREPROCESSOR_DEFINITIONS = (
					"DEBUG=1",
					"$(inherited)",
				);
				GCC_WARN_64_TO_32_BIT_CONVERSION = YES;
				GCC_WARN_ABOUT_RETURN_TYPE = YES_ERROR;
				GCC_WARN_UNDECLARED_SELECTOR = YES;
				GCC_WARN_UNINITIALIZED_AUTOS = YES_AGGRESSIVE;
				GCC_WARN_UNUSED_FUNCTION = YES;
				GCC_WARN_UNUSED_VARIABLE = YES;
				IPHONEOS_DEPLOYMENT_TARGET = 9.3;
				MTL_ENABLE_DEBUG_INFO = YES;
				ONLY_ACTIVE_ARCH = YES;
				SDKROOT = iphoneos;
				SWIFT_OPTIMIZATION_LEVEL = "-Onone";
				TARGETED_DEVICE_FAMILY = "1,2";
			};
			name = Debug;
		};
		4CBA617A1D8A048300B31FC1 /* Release */ = {
			isa = XCBuildConfiguration;
			buildSettings = {
				ALWAYS_SEARCH_USER_PATHS = NO;
				CLANG_ANALYZER_NONNULL = YES;
				CLANG_CXX_LANGUAGE_STANDARD = "gnu++0x";
				CLANG_CXX_LIBRARY = "libc++";
				CLANG_ENABLE_MODULES = YES;
				CLANG_ENABLE_OBJC_ARC = YES;
				CLANG_WARN_BOOL_CONVERSION = YES;
				CLANG_WARN_CONSTANT_CONVERSION = YES;
				CLANG_WARN_DIRECT_OBJC_ISA_USAGE = YES_ERROR;
				CLANG_WARN_EMPTY_BODY = YES;
				CLANG_WARN_ENUM_CONVERSION = YES;
				CLANG_WARN_INT_CONVERSION = YES;
				CLANG_WARN_OBJC_ROOT_CLASS = YES_ERROR;
				CLANG_WARN_UNREACHABLE_CODE = YES;
				CLANG_WARN__DUPLICATE_METHOD_MATCH = YES;
				"CODE_SIGN_IDENTITY[sdk=iphoneos*]" = "iPhone Developer";
				COPY_PHASE_STRIP = NO;
				DEBUG_INFORMATION_FORMAT = "dwarf-with-dsym";
				ENABLE_NS_ASSERTIONS = NO;
				ENABLE_STRICT_OBJC_MSGSEND = YES;
				GCC_C_LANGUAGE_STANDARD = gnu99;
				GCC_NO_COMMON_BLOCKS = YES;
				GCC_WARN_64_TO_32_BIT_CONVERSION = YES;
				GCC_WARN_ABOUT_RETURN_TYPE = YES_ERROR;
				GCC_WARN_UNDECLARED_SELECTOR = YES;
				GCC_WARN_UNINITIALIZED_AUTOS = YES_AGGRESSIVE;
				GCC_WARN_UNUSED_FUNCTION = YES;
				GCC_WARN_UNUSED_VARIABLE = YES;
				IPHONEOS_DEPLOYMENT_TARGET = 9.3;
				MTL_ENABLE_DEBUG_INFO = NO;
				SDKROOT = iphoneos;
				TARGETED_DEVICE_FAMILY = "1,2";
				VALIDATE_PRODUCT = YES;
			};
			name = Release;
		};
		4CBA617C1D8A048300B31FC1 /* Debug */ = {
			isa = XCBuildConfiguration;
			buildSettings = {
				ASSETCATALOG_COMPILER_APPICON_NAME = AppIcon;
				INFOPLIST_FILE = "$(SRCROOT)/Swift/iOS/Info.plist";
				LD_RUNPATH_SEARCH_PATHS = "$(inherited) @executable_path/Frameworks";
				PRODUCT_BUNDLE_IDENTIFIER = com.supermeerkat.SKTiled;
				PRODUCT_NAME = "$(TARGET_NAME)";
			};
			name = Debug;
		};
		4CBA617D1D8A048300B31FC1 /* Release */ = {
			isa = XCBuildConfiguration;
			buildSettings = {
				ASSETCATALOG_COMPILER_APPICON_NAME = AppIcon;
				INFOPLIST_FILE = "$(SRCROOT)/Swift/iOS/Info.plist";
				LD_RUNPATH_SEARCH_PATHS = "$(inherited) @executable_path/Frameworks";
				PRODUCT_BUNDLE_IDENTIFIER = com.supermeerkat.SKTiled;
				PRODUCT_NAME = "$(TARGET_NAME)";
			};
			name = Release;
		};
/* End XCBuildConfiguration section */

/* Begin XCConfigurationList section */
		4CBA61601D8A048200B31FC1 /* Build configuration list for PBXProject "SKTiled" */ = {
			isa = XCConfigurationList;
			buildConfigurations = (
				4CBA61791D8A048300B31FC1 /* Debug */,
				4CBA617A1D8A048300B31FC1 /* Release */,
			);
			defaultConfigurationIsVisible = 0;
			defaultConfigurationName = Release;
		};
		4CBA617B1D8A048300B31FC1 /* Build configuration list for PBXNativeTarget "SKTiled" */ = {
			isa = XCConfigurationList;
			buildConfigurations = (
				4CBA617C1D8A048300B31FC1 /* Debug */,
				4CBA617D1D8A048300B31FC1 /* Release */,
			);
			defaultConfigurationIsVisible = 0;
			defaultConfigurationName = Release;
		};
/* End XCConfigurationList section */
	};
	rootObject = 4CBA615D1D8A048200B31FC1 /* Project object */;
}
